
Microsoft Visual Studio Solution File, Format Version 12.00
# Visual Studio 15
VisualStudioVersion = 15.0.28010.2026
MinimumVisualStudioVersion = 10.0.40219.1
Project("{FAE04EC0-301F-11D3-BF4B-00C04F79EFBC}") = "MFStores.Core", "MFStores.Core\MFStores.Core.csproj", "{DCAAEDD6-5A14-4568-82AD-30818CBD76EC}"
EndProject
Project("{FAE04EC0-301F-11D3-BF4B-00C04F79EFBC}") = "MFStores.Services", "MFStores.Services\MFStores.Services.csproj", "{6F3B0F92-A503-43F2-BB1B-21630DAA4C20}"
EndProject
Project("{FAE04EC0-301F-11D3-BF4B-00C04F79EFBC}") = "MFStores.DataAccess.SQL", "MFStores.DataAccess.SQL\MFStores.DataAccess.SQL.csproj", "{775A3C24-CB5C-4F2E-8B58-40D3A8502779}"
EndProject
Project("{FAE04EC0-301F-11D3-BF4B-00C04F79EFBC}") = "MFStores.DataAccess.InMemory", "MFStores.DataAccess.InMemory\MFStores.DataAccess.InMemory.csproj", "{72134B0D-0FF5-4B66-B473-379A564AA7B7}"
EndProject
Project("{FAE04EC0-301F-11D3-BF4B-00C04F79EFBC}") = "MFStores.WebUI", "MFStores.WebUI\MFStores.WebUI.csproj", "{B881A3E4-0CEA-434F-9405-5715152BCB44}"
EndProject
Project("{FAE04EC0-301F-11D3-BF4B-00C04F79EFBC}") = "MFStores.WebUI.Tests", "MFStores.WebUI.Tests\MFStores.WebUI.Tests.csproj", "{90BE97BC-AAA0-412F-96F4-3F1649DC64E1}"
EndProject
Global
	GlobalSection(SolutionConfigurationPlatforms) = preSolution
		Debug|Any CPU = Debug|Any CPU
		Release|Any CPU = Release|Any CPU
	EndGlobalSection
	GlobalSection(ProjectConfigurationPlatforms) = postSolution
		{DCAAEDD6-5A14-4568-82AD-30818CBD76EC}.Debug|Any CPU.ActiveCfg = Debug|Any CPU
		{DCAAEDD6-5A14-4568-82AD-30818CBD76EC}.Debug|Any CPU.Build.0 = Debug|Any CPU
		{DCAAEDD6-5A14-4568-82AD-30818CBD76EC}.Release|Any CPU.ActiveCfg = Release|Any CPU
		{DCAAEDD6-5A14-4568-82AD-30818CBD76EC}.Release|Any CPU.Build.0 = Release|Any CPU
		{6F3B0F92-A503-43F2-BB1B-21630DAA4C20}.Debug|Any CPU.ActiveCfg = Debug|Any CPU
		{6F3B0F92-A503-43F2-BB1B-21630DAA4C20}.Debug|Any CPU.Build.0 = Debug|Any CPU
		{6F3B0F92-A503-43F2-BB1B-21630DAA4C20}.Release|Any CPU.ActiveCfg = Release|Any CPU
		{6F3B0F92-A503-43F2-BB1B-21630DAA4C20}.Release|Any CPU.Build.0 = Release|Any CPU
		{775A3C24-CB5C-4F2E-8B58-40D3A8502779}.Debug|Any CPU.ActiveCfg = Debug|Any CPU
		{775A3C24-CB5C-4F2E-8B58-40D3A8502779}.Debug|Any CPU.Build.0 = Debug|Any CPU
		{775A3C24-CB5C-4F2E-8B58-40D3A8502779}.Release|Any CPU.ActiveCfg = Release|Any CPU
		{775A3C24-CB5C-4F2E-8B58-40D3A8502779}.Release|Any CPU.Build.0 = Release|Any CPU
		{72134B0D-0FF5-4B66-B473-379A564AA7B7}.Debug|Any CPU.ActiveCfg = Debug|Any CPU
		{72134B0D-0FF5-4B66-B473-379A564AA7B7}.Debug|Any CPU.Build.0 = Debug|Any CPU
		{72134B0D-0FF5-4B66-B473-379A564AA7B7}.Release|Any CPU.ActiveCfg = Release|Any CPU
		{72134B0D-0FF5-4B66-B473-379A564AA7B7}.Release|Any CPU.Build.0 = Release|Any CPU
		{B881A3E4-0CEA-434F-9405-5715152BCB44}.Debug|Any CPU.ActiveCfg = Debug|Any CPU
		{B881A3E4-0CEA-434F-9405-5715152BCB44}.Debug|Any CPU.Build.0 = Debug|Any CPU
		{B881A3E4-0CEA-434F-9405-5715152BCB44}.Release|Any CPU.ActiveCfg = Release|Any CPU
		{B881A3E4-0CEA-434F-9405-5715152BCB44}.Release|Any CPU.Build.0 = Release|Any CPU
		{90BE97BC-AAA0-412F-96F4-3F1649DC64E1}.Debug|Any CPU.ActiveCfg = Debug|Any CPU
		{90BE97BC-AAA0-412F-96F4-3F1649DC64E1}.Debug|Any CPU.Build.0 = Debug|Any CPU
		{90BE97BC-AAA0-412F-96F4-3F1649DC64E1}.Release|Any CPU.ActiveCfg = Release|Any CPU
		{90BE97BC-AAA0-412F-96F4-3F1649DC64E1}.Release|Any CPU.Build.0 = Release|Any CPU
	EndGlobalSection
	GlobalSection(SolutionProperties) = preSolution
		HideSolutionNode = FALSE
	EndGlobalSection
	GlobalSection(ExtensibilityGlobals) = postSolution
		SolutionGuid = {5209F356-5C66-4D25-86FD-7B2DFCA8E452}
	EndGlobalSection
EndGlobal
